{
  "name": "op-env-loader",
  "version": "1.0.0",
  "lockfileVersion": 3,
  "requires": true,
  "packages": {
    "": {
      "name": "op-env-loader",
      "version": "1.0.0",
      "license": "MIT",
      "dependencies": {
        "@1password/op-js": "^0.1.13",
        "chalk": "^5.4.1"
      },
      "bin": {
        "op-env-loader": "index.mjs"
      }
    },
    "node_modules/@1password/op-js": {
      "version": "0.1.13",
      "resolved": "https://registry.npmjs.org/@1password/op-js/-/op-js-0.1.13.tgz",
      "integrity": "sha512-ZZBLxVqywFdvIbLv2xWw2N1ImSi183rRKf90vV19KRMReNyLwuD0dv6IrKrIdrJU33IuV3Gz85Z4K2a1PJTBDg==",
      "license": "MIT",
      "dependencies": {
        "lookpath": "^1.2.2",
        "semver": "^7.6.2"
      }
    },
    "node_modules/chalk": {
      "version": "5.4.1",
      "resolved": "https://registry.npmjs.org/chalk/-/chalk-5.4.1.tgz",
      "integrity": "sha512-zgVZuo2WcZgfUEmsn6eO3kINexW8RAE4maiQ8QNs8CtpPCSyMiYsULR3HQYkm3w8FIA3SberyMJMSldGsW+U3w==",
      "license": "MIT",
      "engines": {
        "node": "^12.17.0 || ^14.13 || >=16.0.0"
      },
      "funding": {
        "url": "https://github.com/chalk/chalk?sponsor=1"
      }
    },
    "node_modules/lookpath": {
      "version": "1.2.3",
      "resolved": "https://registry.npmjs.org/lookpath/-/lookpath-1.2.3.tgz",
      "integrity": "sha512-kthRVhf4kH4+HW3anM4UBHxsw/XFESf13euCEldhXr6GpBdmBoa7rDd7WO5G0Mhd4G5XtKTcEy8OR0iRZXpS3Q==",
      "license": "MIT",
      "bin": {
        "lookpath": "bin/lookpath.js"
      },
      "engines": {
        "npm": ">=6.13.4"
      }
    },
    "node_modules/semver": {
      "version": "7.7.1",
      "resolved": "https://registry.npmjs.org/semver/-/semver-7.7.1.tgz",
      "integrity": "sha512-hlq8tAfn0m/61p4BVRcPzIGr6LKiMwo4VM6dGi6pt4qcRkmNzTcWq6eCEjEh+qXjkMDvPlOFFSGwQjoEa6gyMA==",
      "license": "ISC",
      "bin": {
        "semver": "bin/semver.js"
      },
      "engines": {
        "node": ">=10"
      }
    }
  }
}
